
Microsoft Visual Studio Solution File, Format Version 12.00
# Visual Studio Version 17
VisualStudioVersion = 17.9.34723.18
MinimumVisualStudioVersion = 10.0.40219.1
Project("{FAE04EC0-301F-11D3-BF4B-00C04F79EFBC}") = "RazorPagesMovie", "RazorPagesMovie\RazorPagesMovie.csproj", "{7F7FFC84-5866-4FA5-886C-2DE62C6B80EE}"
EndProject
Global
	GlobalSection(SolutionConfigurationPlatforms) = preSolution
		Debug|Any CPU = Debug|Any CPU
		Release|Any CPU = Release|Any CPU
	EndGlobalSection
	GlobalSection(ProjectConfigurationPlatforms) = postSolution
		{7F7FFC84-5866-4FA5-886C-2DE62C6B80EE}.Debug|Any CPU.ActiveCfg = Debug|Any CPU
		{7F7FFC84-5866-4FA5-886C-2DE62C6B80EE}.Debug|Any CPU.Build.0 = Debug|Any CPU
		{7F7FFC84-5866-4FA5-886C-2DE62C6B80EE}.Release|Any CPU.ActiveCfg = Release|Any CPU
		{7F7FFC84-5866-4FA5-886C-2DE62C6B80EE}.Release|Any CPU.Build.0 = Release|Any CPU
	EndGlobalSection
	GlobalSection(SolutionProperties) = preSolution
		HideSolutionNode = FALSE
	EndGlobalSection
	GlobalSection(ExtensibilityGlobals) = postSolution
		SolutionGuid = {09A75E9D-CC1A-440F-8CEB-C360D2ED450B}
	EndGlobalSection
EndGlobal
